// !$*UTF8*$!
{
	archiveVersion = 1;
	classes = {
	};
	objectVersion = 46;
	objects = {

/* Begin PBXBuildFile section */
		8E38A7C61D89BEF200C39455 /* AppDelegate.swift in Sources */ = {isa = PBXBuildFile; fileRef = 8E38A7C51D89BEF200C39455 /* AppDelegate.swift */; };
		8E38A7C81D89BEF200C39455 /* NamesViewController.swift in Sources */ = {isa = PBXBuildFile; fileRef = 8E38A7C71D89BEF200C39455 /* NamesViewController.swift */; };
		8E38A7CB1D89BEF200C39455 /* Main.storyboard in Resources */ = {isa = PBXBuildFile; fileRef = 8E38A7C91D89BEF200C39455 /* Main.storyboard */; };
		8E38A7CE1D89BEF200C39455 /* namePicker.xcdatamodeld in Sources */ = {isa = PBXBuildFile; fileRef = 8E38A7CC1D89BEF200C39455 /* namePicker.xcdatamodeld */; };
		8E38A7D01D89BEF200C39455 /* Assets.xcassets in Resources */ = {isa = PBXBuildFile; fileRef = 8E38A7CF1D89BEF200C39455 /* Assets.xcassets */; };
		8E38A7D31D89BEF200C39455 /* LaunchScreen.storyboard in Resources */ = {isa = PBXBuildFile; fileRef = 8E38A7D11D89BEF200C39455 /* LaunchScreen.storyboard */; };
		8E38A7DE1D89BEF200C39455 /* namePickerTests.swift in Sources */ = {isa = PBXBuildFile; fileRef = 8E38A7DD1D89BEF200C39455 /* namePickerTests.swift */; };
		8E38A7E91D89BEF200C39455 /* namePickerUITests.swift in Sources */ = {isa = PBXBuildFile; fileRef = 8E38A7E81D89BEF200C39455 /* namePickerUITests.swift */; };
		8E38A7F71D89E08700C39455 /* FirstNameViewController.swift in Sources */ = {isa = PBXBuildFile; fileRef = 8E38A7F61D89E08700C39455 /* FirstNameViewController.swift */; };
		8E38A7F91D89E3C800C39455 /* CancelButtonDelegate.swift in Sources */ = {isa = PBXBuildFile; fileRef = 8E38A7F81D89E3C800C39455 /* CancelButtonDelegate.swift */; };
		8E38A7FB1D89E8B200C39455 /* FirstNameDoneControllerDelegate.swift in Sources */ = {isa = PBXBuildFile; fileRef = 8E38A7FA1D89E8B200C39455 /* FirstNameDoneControllerDelegate.swift */; };
		8E38A7FE1D89F09900C39455 /* NamesModel.xcdatamodeld in Sources */ = {isa = PBXBuildFile; fileRef = 8E38A7FC1D89F09900C39455 /* NamesModel.xcdatamodeld */; };
		8E38A8011D89F19E00C39455 /* Name+CoreDataProperties.swift in Sources */ = {isa = PBXBuildFile; fileRef = 8E38A7FF1D89F19E00C39455 /* Name+CoreDataProperties.swift */; };
		8E38A8021D89F19E00C39455 /* Name.swift in Sources */ = {isa = PBXBuildFile; fileRef = 8E38A8001D89F19E00C39455 /* Name.swift */; };
/* End PBXBuildFile section */

/* Begin PBXContainerItemProxy section */
		8E38A7DA1D89BEF200C39455 /* PBXContainerItemProxy */ = {
			isa = PBXContainerItemProxy;
			containerPortal = 8E38A7BA1D89BEF200C39455 /* Project object */;
			proxyType = 1;
			remoteGlobalIDString = 8E38A7C11D89BEF200C39455;
			remoteInfo = namePicker;
		};
		8E38A7E51D89BEF200C39455 /* PBXContainerItemProxy */ = {
			isa = PBXContainerItemProxy;
			containerPortal = 8E38A7BA1D89BEF200C39455 /* Project object */;
			proxyType = 1;
			remoteGlobalIDString = 8E38A7C11D89BEF200C39455;
			remoteInfo = namePicker;
		};
/* End PBXContainerItemProxy section */

/* Begin PBXFileReference section */
		8E38A7C21D89BEF200C39455 /* namePicker.app */ = {isa = PBXFileReference; explicitFileType = wrapper.application; includeInIndex = 0; path = namePicker.app; sourceTree = BUILT_PRODUCTS_DIR; };
		8E38A7C51D89BEF200C39455 /* AppDelegate.swift */ = {isa = PBXFileReference; lastKnownFileType = sourcecode.swift; path = AppDelegate.swift; sourceTree = "<group>"; };
		8E38A7C71D89BEF200C39455 /* NamesViewController.swift */ = {isa = PBXFileReference; lastKnownFileType = sourcecode.swift; path = NamesViewController.swift; sourceTree = "<group>"; };
		8E38A7CA1D89BEF200C39455 /* Base */ = {isa = PBXFileReference; lastKnownFileType = file.storyboard; name = Base; path = Base.lproj/Main.storyboard; sourceTree = "<group>"; };
		8E38A7CD1D89BEF200C39455 /* namePicker.xcdatamodel */ = {isa = PBXFileReference; lastKnownFileType = wrapper.xcdatamodel; path = namePicker.xcdatamodel; sourceTree = "<group>"; };
		8E38A7CF1D89BEF200C39455 /* Assets.xcassets */ = {isa = PBXFileReference; lastKnownFileType = folder.assetcatalog; path = Assets.xcassets; sourceTree = "<group>"; };
		8E38A7D21D89BEF200C39455 /* Base */ = {isa = PBXFileReference; lastKnownFileType = file.storyboard; name = Base; path = Base.lproj/LaunchScreen.storyboard; sourceTree = "<group>"; };
		8E38A7D41D89BEF200C39455 /* Info.plist */ = {isa = PBXFileReference; lastKnownFileType = text.plist.xml; path = Info.plist; sourceTree = "<group>"; };
		8E38A7D91D89BEF200C39455 /* namePickerTests.xctest */ = {isa = PBXFileReference; explicitFileType = wrapper.cfbundle; includeInIndex = 0; path = namePickerTests.xctest; sourceTree = BUILT_PRODUCTS_DIR; };
		8E38A7DD1D89BEF200C39455 /* namePickerTests.swift */ = {isa = PBXFileReference; lastKnownFileType = sourcecode.swift; path = namePickerTests.swift; sourceTree = "<group>"; };
		8E38A7DF1D89BEF200C39455 /* Info.plist */ = {isa = PBXFileReference; lastKnownFileType = text.plist.xml; path = Info.plist; sourceTree = "<group>"; };
		8E38A7E41D89BEF200C39455 /* namePickerUITests.xctest */ = {isa = PBXFileReference; explicitFileType = wrapper.cfbundle; includeInIndex = 0; path = namePickerUITests.xctest; sourceTree = BUILT_PRODUCTS_DIR; };
		8E38A7E81D89BEF200C39455 /* namePickerUITests.swift */ = {isa = PBXFileReference; lastKnownFileType = sourcecode.swift; path = namePickerUITests.swift; sourceTree = "<group>"; };
		8E38A7EA1D89BEF200C39455 /* Info.plist */ = {isa = PBXFileReference; lastKnownFileType = text.plist.xml; path = Info.plist; sourceTree = "<group>"; };
		8E38A7F61D89E08700C39455 /* FirstNameViewController.swift */ = {isa = PBXFileReference; fileEncoding = 4; lastKnownFileType = sourcecode.swift; path = FirstNameViewController.swift; sourceTree = "<group>"; };
		8E38A7F81D89E3C800C39455 /* CancelButtonDelegate.swift */ = {isa = PBXFileReference; fileEncoding = 4; lastKnownFileType = sourcecode.swift; path = CancelButtonDelegate.swift; sourceTree = "<group>"; };
		8E38A7FA1D89E8B200C39455 /* FirstNameDoneControllerDelegate.swift */ = {isa = PBXFileReference; fileEncoding = 4; lastKnownFileType = sourcecode.swift; path = FirstNameDoneControllerDelegate.swift; sourceTree = "<group>"; };
		8E38A7FD1D89F09900C39455 /* NamesModel.xcdatamodel */ = {isa = PBXFileReference; lastKnownFileType = wrapper.xcdatamodel; path = NamesModel.xcdatamodel; sourceTree = "<group>"; };
		8E38A7FF1D89F19E00C39455 /* Name+CoreDataProperties.swift */ = {isa = PBXFileReference; fileEncoding = 4; lastKnownFileType = sourcecode.swift; path = "Name+CoreDataProperties.swift"; sourceTree = "<group>"; };
		8E38A8001D89F19E00C39455 /* Name.swift */ = {isa = PBXFileReference; fileEncoding = 4; lastKnownFileType = sourcecode.swift; path = Name.swift; sourceTree = "<group>"; };
/* End PBXFileReference section */

/* Begin PBXFrameworksBuildPhase section */
		8E38A7BF1D89BEF200C39455 /* Frameworks */ = {
			isa = PBXFrameworksBuildPhase;
			buildActionMask = 2147483647;
			files = (
			);
			runOnlyForDeploymentPostprocessing = 0;
		};
		8E38A7D61D89BEF200C39455 /* Frameworks */ = {
			isa = PBXFrameworksBuildPhase;
			buildActionMask = 2147483647;
			files = (
			);
			runOnlyForDeploymentPostprocessing = 0;
		};
		8E38A7E11D89BEF200C39455 /* Frameworks */ = {
			isa = PBXFrameworksBuildPhase;
			buildActionMask = 2147483647;
			files = (
			);
			runOnlyForDeploymentPostprocessing = 0;
		};
/* End PBXFrameworksBuildPhase section */

/* Begin PBXGroup section */
		8E38A7B91D89BEF200C39455 = {
			isa = PBXGroup;
			children = (
				8E38A7FF1D89F19E00C39455 /* Name+CoreDataProperties.swift */,
				8E38A8001D89F19E00C39455 /* Name.swift */,
				8E38A7C41D89BEF200C39455 /* namePicker */,
				8E38A7DC1D89BEF200C39455 /* namePickerTests */,
				8E38A7E71D89BEF200C39455 /* namePickerUITests */,
				8E38A7C31D89BEF200C39455 /* Products */,
			);
			sourceTree = "<group>";
		};
		8E38A7C31D89BEF200C39455 /* Products */ = {
			isa = PBXGroup;
			children = (
				8E38A7C21D89BEF200C39455 /* namePicker.app */,
				8E38A7D91D89BEF200C39455 /* namePickerTests.xctest */,
				8E38A7E41D89BEF200C39455 /* namePickerUITests.xctest */,
			);
			name = Products;
			sourceTree = "<group>";
		};
		8E38A7C41D89BEF200C39455 /* namePicker */ = {
			isa = PBXGroup;
			children = (
				8E38A7C51D89BEF200C39455 /* AppDelegate.swift */,
				8E38A7C71D89BEF200C39455 /* NamesViewController.swift */,
				8E38A7FC1D89F09900C39455 /* NamesModel.xcdatamodeld */,
				8E38A7FA1D89E8B200C39455 /* FirstNameDoneControllerDelegate.swift */,
				8E38A7F81D89E3C800C39455 /* CancelButtonDelegate.swift */,
				8E38A7F61D89E08700C39455 /* FirstNameViewController.swift */,
				8E38A7C91D89BEF200C39455 /* Main.storyboard */,
				8E38A7CF1D89BEF200C39455 /* Assets.xcassets */,
				8E38A7D11D89BEF200C39455 /* LaunchScreen.storyboard */,
				8E38A7D41D89BEF200C39455 /* Info.plist */,
				8E38A7CC1D89BEF200C39455 /* namePicker.xcdatamodeld */,
			);
			path = namePicker;
			sourceTree = "<group>";
		};
		8E38A7DC1D89BEF200C39455 /* namePickerTests */ = {
			isa = PBXGroup;
			children = (
				8E38A7DD1D89BEF200C39455 /* namePickerTests.swift */,
				8E38A7DF1D89BEF200C39455 /* Info.plist */,
			);
			path = namePickerTests;
			sourceTree = "<group>";
		};
		8E38A7E71D89BEF200C39455 /* namePickerUITests */ = {
			isa = PBXGroup;
			children = (
				8E38A7E81D89BEF200C39455 /* namePickerUITests.swift */,
				8E38A7EA1D89BEF200C39455 /* Info.plist */,
			);
			path = namePickerUITests;
			sourceTree = "<group>";
		};
/* End PBXGroup section */

/* Begin PBXNativeTarget section */
		8E38A7C11D89BEF200C39455 /* namePicker */ = {
			isa = PBXNativeTarget;
			buildConfigurationList = 8E38A7ED1D89BEF200C39455 /* Build configuration list for PBXNativeTarget "namePicker" */;
			buildPhases = (
				8E38A7BE1D89BEF200C39455 /* Sources */,
				8E38A7BF1D89BEF200C39455 /* Frameworks */,
				8E38A7C01D89BEF200C39455 /* Resources */,
			);
			buildRules = (
			);
			dependencies = (
			);
			name = namePicker;
			productName = namePicker;
			productReference = 8E38A7C21D89BEF200C39455 /* namePicker.app */;
			productType = "com.apple.product-type.application";
		};
		8E38A7D81D89BEF200C39455 /* namePickerTests */ = {
			isa = PBXNativeTarget;
			buildConfigurationList = 8E38A7F01D89BEF200C39455 /* Build configuration list for PBXNativeTarget "namePickerTests" */;
			buildPhases = (
				8E38A7D51D89BEF200C39455 /* Sources */,
				8E38A7D61D89BEF200C39455 /* Frameworks */,
				8E38A7D71D89BEF200C39455 /* Resources */,
			);
			buildRules = (
			);
			dependencies = (
				8E38A7DB1D89BEF200C39455 /* PBXTargetDependency */,
			);
			name = namePickerTests;
			productName = namePickerTests;
			productReference = 8E38A7D91D89BEF200C39455 /* namePickerTests.xctest */;
			productType = "com.apple.product-type.bundle.unit-test";
		};
		8E38A7E31D89BEF200C39455 /* namePickerUITests */ = {
			isa = PBXNativeTarget;
			buildConfigurationList = 8E38A7F31D89BEF200C39455 /* Build configuration list for PBXNativeTarget "namePickerUITests" */;
			buildPhases = (
				8E38A7E01D89BEF200C39455 /* Sources */,
				8E38A7E11D89BEF200C39455 /* Frameworks */,
				8E38A7E21D89BEF200C39455 /* Resources */,
			);
			buildRules = (
			);
			dependencies = (
				8E38A7E61D89BEF200C39455 /* PBXTargetDependency */,
			);
			name = namePickerUITests;
			productName = namePickerUITests;
			productReference = 8E38A7E41D89BEF200C39455 /* namePickerUITests.xctest */;
			productType = "com.apple.product-type.bundle.ui-testing";
		};
/* End PBXNativeTarget section */

/* Begin PBXProject section */
		8E38A7BA1D89BEF200C39455 /* Project object */ = {
			isa = PBXProject;
			attributes = {
				LastSwiftUpdateCheck = 0730;
				LastUpgradeCheck = 0730;
				ORGANIZATIONNAME = "Charlotte Abrams";
				TargetAttributes = {
					8E38A7C11D89BEF200C39455 = {
						CreatedOnToolsVersion = 7.3.1;
					};
					8E38A7D81D89BEF200C39455 = {
						CreatedOnToolsVersion = 7.3.1;
						TestTargetID = 8E38A7C11D89BEF200C39455;
					};
					8E38A7E31D89BEF200C39455 = {
						CreatedOnToolsVersion = 7.3.1;
						TestTargetID = 8E38A7C11D89BEF200C39455;
					};
				};
			};
			buildConfigurationList = 8E38A7BD1D89BEF200C39455 /* Build configuration list for PBXProject "namePicker" */;
			compatibilityVersion = "Xcode 3.2";
			developmentRegion = English;
			hasScannedForEncodings = 0;
			knownRegions = (
				en,
				Base,
			);
			mainGroup = 8E38A7B91D89BEF200C39455;
			productRefGroup = 8E38A7C31D89BEF200C39455 /* Products */;
			projectDirPath = "";
			projectRoot = "";
			targets = (
				8E38A7C11D89BEF200C39455 /* namePicker */,
				8E38A7D81D89BEF200C39455 /* namePickerTests */,
				8E38A7E31D89BEF200C39455 /* namePickerUITests */,
			);
		};
/* End PBXProject section */

/* Begin PBXResourcesBuildPhase section */
		8E38A7C01D89BEF200C39455 /* Resources */ = {
			isa = PBXResourcesBuildPhase;
			buildActionMask = 2147483647;
			files = (
				8E38A7D31D89BEF200C39455 /* LaunchScreen.storyboard in Resources */,
				8E38A7D01D89BEF200C39455 /* Assets.xcassets in Resources */,
				8E38A7CB1D89BEF200C39455 /* Main.storyboard in Resources */,
			);
			runOnlyForDeploymentPostprocessing = 0;
		};
		8E38A7D71D89BEF200C39455 /* Resources */ = {
			isa = PBXResourcesBuildPhase;
			buildActionMask = 2147483647;
			files = (
			);
			runOnlyForDeploymentPostprocessing = 0;
		};
		8E38A7E21D89BEF200C39455 /* Resources */ = {
			isa = PBXResourcesBuildPhase;
			buildActionMask = 2147483647;
			files = (
			);
			runOnlyForDeploymentPostprocessing = 0;
		};
/* End PBXResourcesBuildPhase section */

/* Begin PBXSourcesBuildPhase section */
		8E38A7BE1D89BEF200C39455 /* Sources */ = {
			isa = PBXSourcesBuildPhase;
			buildActionMask = 2147483647;
			files = (
				8E38A7F71D89E08700C39455 /* FirstNameViewController.swift in Sources */,
				8E38A7CE1D89BEF200C39455 /* namePicker.xcdatamodeld in Sources */,
				8E38A7FB1D89E8B200C39455 /* FirstNameDoneControllerDelegate.swift in Sources */,
				8E38A7C81D89BEF200C39455 /* NamesViewController.swift in Sources */,
				8E38A8011D89F19E00C39455 /* Name+CoreDataProperties.swift in Sources */,
				8E38A7C61D89BEF200C39455 /* AppDelegate.swift in Sources */,
				8E38A8021D89F19E00C39455 /* Name.swift in Sources */,
				8E38A7F91D89E3C800C39455 /* CancelButtonDelegate.swift in Sources */,
				8E38A7FE1D89F09900C39455 /* NamesModel.xcdatamodeld in Sources */,
			);
			runOnlyForDeploymentPostprocessing = 0;
		};
		8E38A7D51D89BEF200C39455 /* Sources */ = {
			isa = PBXSourcesBuildPhase;
			buildActionMask = 2147483647;
			files = (
				8E38A7DE1D89BEF200C39455 /* namePickerTests.swift in Sources */,
			);
			runOnlyForDeploymentPostprocessing = 0;
		};
		8E38A7E01D89BEF200C39455 /* Sources */ = {
			isa = PBXSourcesBuildPhase;
			buildActionMask = 2147483647;
			files = (
				8E38A7E91D89BEF200C39455 /* namePickerUITests.swift in Sources */,
			);
			runOnlyForDeploymentPostprocessing = 0;
		};
/* End PBXSourcesBuildPhase section */

/* Begin PBXTargetDependency section */
		8E38A7DB1D89BEF200C39455 /* PBXTargetDependency */ = {
			isa = PBXTargetDependency;
			target = 8E38A7C11D89BEF200C39455 /* namePicker */;
			targetProxy = 8E38A7DA1D89BEF200C39455 /* PBXContainerItemProxy */;
		};
		8E38A7E61D89BEF200C39455 /* PBXTargetDependency */ = {
			isa = PBXTargetDependency;
			target = 8E38A7C11D89BEF200C39455 /* namePicker */;
			targetProxy = 8E38A7E51D89BEF200C39455 /* PBXContainerItemProxy */;
		};
/* End PBXTargetDependency section */

/* Begin PBXVariantGroup section */
		8E38A7C91D89BEF200C39455 /* Main.storyboard */ = {
			isa = PBXVariantGroup;
			children = (
				8E38A7CA1D89BEF200C39455 /* Base */,
			);
			name = Main.storyboard;
			sourceTree = "<group>";
		};
		8E38A7D11D89BEF200C39455 /* LaunchScreen.storyboard */ = {
			isa = PBXVariantGroup;
			children = (
				8E38A7D21D89BEF200C39455 /* Base */,
			);
			name = LaunchScreen.storyboard;
			sourceTree = "<group>";
		};
/* End PBXVariantGroup section */

/* Begin XCBuildConfiguration section */
		8E38A7EB1D89BEF200C39455 /* Debug */ = {
			isa = XCBuildConfiguration;
			buildSettings = {
				ALWAYS_SEARCH_USER_PATHS = NO;
				CLANG_ANALYZER_NONNULL = YES;
				CLANG_CXX_LANGUAGE_STANDARD = "gnu++0x";
				CLANG_CXX_LIBRARY = "libc++";
				CLANG_ENABLE_MODULES = YES;
				CLANG_ENABLE_OBJC_ARC = YES;
				CLANG_WARN_BOOL_CONVERSION = YES;
				CLANG_WARN_CONSTANT_CONVERSION = YES;
				CLANG_WARN_DIRECT_OBJC_ISA_USAGE = YES_ERROR;
				CLANG_WARN_EMPTY_BODY = YES;
				CLANG_WARN_ENUM_CONVERSION = YES;
				CLANG_WARN_INT_CONVERSION = YES;
				CLANG_WARN_OBJC_ROOT_CLASS = YES_ERROR;
				CLANG_WARN_UNREACHABLE_CODE = YES;
				CLANG_WARN__DUPLICATE_METHOD_MATCH = YES;
				"CODE_SIGN_IDENTITY[sdk=iphoneos*]" = "iPhone Developer";
				COPY_PHASE_STRIP = NO;
				DEBUG_INFORMATION_FORMAT = dwarf;
				ENABLE_STRICT_OBJC_MSGSEND = YES;
				ENABLE_TESTABILITY = YES;
				GCC_C_LANGUAGE_STANDARD = gnu99;
				GCC_DYNAMIC_NO_PIC = NO;
				GCC_NO_COMMON_BLOCKS = YES;
				GCC_OPTIMIZATION_LEVEL = 0;
				GCC_PREPROCESSOR_DEFINITIONS = (
					"DEBUG=1",
					"$(inherited)",
				);
				GCC_WARN_64_TO_32_BIT_CONVERSION = YES;
				GCC_WARN_ABOUT_RETURN_TYPE = YES_ERROR;
				GCC_WARN_UNDECLARED_SELECTOR = YES;
				GCC_WARN_UNINITIALIZED_AUTOS = YES_AGGRESSIVE;
				GCC_WARN_UNUSED_FUNCTION = YES;
				GCC_WARN_UNUSED_VARIABLE = YES;
				IPHONEOS_DEPLOYMENT_TARGET = 9.3;
				MTL_ENABLE_DEBUG_INFO = YES;
				ONLY_ACTIVE_ARCH = YES;
				SDKROOT = iphoneos;
				SWIFT_OPTIMIZATION_LEVEL = "-Onone";
				TARGETED_DEVICE_FAMILY = "1,2";
			};
			name = Debug;
		};
		8E38A7EC1D89BEF200C39455 /* Release */ = {
			isa = XCBuildConfiguration;
			buildSettings = {
				ALWAYS_SEARCH_USER_PATHS = NO;
				CLANG_ANALYZER_NONNULL = YES;
				CLANG_CXX_LANGUAGE_STANDARD = "gnu++0x";
				CLANG_CXX_LIBRARY = "libc++";
				CLANG_ENABLE_MODULES = YES;
				CLANG_ENABLE_OBJC_ARC = YES;
				CLANG_WARN_BOOL_CONVERSION = YES;
				CLANG_WARN_CONSTANT_CONVERSION = YES;
				CLANG_WARN_DIRECT_OBJC_ISA_USAGE = YES_ERROR;
				CLANG_WARN_EMPTY_BODY = YES;
				CLANG_WARN_ENUM_CONVERSION = YES;
				CLANG_WARN_INT_CONVERSION = YES;
				CLANG_WARN_OBJC_ROOT_CLASS = YES_ERROR;
				CLANG_WARN_UNREACHABLE_CODE = YES;
				CLANG_WARN__DUPLICATE_METHOD_MATCH = YES;
				"CODE_SIGN_IDENTITY[sdk=iphoneos*]" = "iPhone Developer";
				COPY_PHASE_STRIP = NO;
				DEBUG_INFORMATION_FORMAT = "dwarf-with-dsym";
				ENABLE_NS_ASSERTIONS = NO;
				ENABLE_STRICT_OBJC_MSGSEND = YES;
				GCC_C_LANGUAGE_STANDARD = gnu99;
				GCC_NO_COMMON_BLOCKS = YES;
				GCC_WARN_64_TO_32_BIT_CONVERSION = YES;
				GCC_WARN_ABOUT_RETURN_TYPE = YES_ERROR;
				GCC_WARN_UNDECLARED_SELECTOR = YES;
				GCC_WARN_UNINITIALIZED_AUTOS = YES_AGGRESSIVE;
				GCC_WARN_UNUSED_FUNCTION = YES;
				GCC_WARN_UNUSED_VARIABLE = YES;
				IPHONEOS_DEPLOYMENT_TARGET = 9.3;
				MTL_ENABLE_DEBUG_INFO = NO;
				SDKROOT = iphoneos;
				TARGETED_DEVICE_FAMILY = "1,2";
				VALIDATE_PRODUCT = YES;
			};
			name = Release;
		};
		8E38A7EE1D89BEF200C39455 /* Debug */ = {
			isa = XCBuildConfiguration;
			buildSettings = {
				ASSETCATALOG_COMPILER_APPICON_NAME = AppIcon;
				INFOPLIST_FILE = namePicker/Info.plist;
				LD_RUNPATH_SEARCH_PATHS = "$(inherited) @executable_path/Frameworks";
				PRODUCT_BUNDLE_IDENTIFIER = com.codingdojo.namePicker;
				PRODUCT_NAME = "$(TARGET_NAME)";
			};
			name = Debug;
		};
		8E38A7EF1D89BEF200C39455 /* Release */ = {
			isa = XCBuildConfiguration;
			buildSettings = {
				ASSETCATALOG_COMPILER_APPICON_NAME = AppIcon;
				INFOPLIST_FILE = namePicker/Info.plist;
				LD_RUNPATH_SEARCH_PATHS = "$(inherited) @executable_path/Frameworks";
				PRODUCT_BUNDLE_IDENTIFIER = com.codingdojo.namePicker;
				PRODUCT_NAME = "$(TARGET_NAME)";
			};
			name = Release;
		};
		8E38A7F11D89BEF200C39455 /* Debug */ = {
			isa = XCBuildConfiguration;
			buildSettings = {
				BUNDLE_LOADER = "$(TEST_HOST)";
				INFOPLIST_FILE = namePickerTests/Info.plist;
				LD_RUNPATH_SEARCH_PATHS = "$(inherited) @executable_path/Frameworks @loader_path/Frameworks";
				PRODUCT_BUNDLE_IDENTIFIER = com.codingdojo.namePickerTests;
				PRODUCT_NAME = "$(TARGET_NAME)";
				TEST_HOST = "$(BUILT_PRODUCTS_DIR)/namePicker.app/namePicker";
			};
			name = Debug;
		};
		8E38A7F21D89BEF200C39455 /* Release */ = {
			isa = XCBuildConfiguration;
			buildSettings = {
				BUNDLE_LOADER = "$(TEST_HOST)";
				INFOPLIST_FILE = namePickerTests/Info.plist;
				LD_RUNPATH_SEARCH_PATHS = "$(inherited) @executable_path/Frameworks @loader_path/Frameworks";
				PRODUCT_BUNDLE_IDENTIFIER = com.codingdojo.namePickerTests;
				PRODUCT_NAME = "$(TARGET_NAME)";
				TEST_HOST = "$(BUILT_PRODUCTS_DIR)/namePicker.app/namePicker";
			};
			name = Release;
		};
		8E38A7F41D89BEF200C39455 /* Debug */ = {
			isa = XCBuildConfiguration;
			buildSettings = {
				INFOPLIST_FILE = namePickerUITests/Info.plist;
				LD_RUNPATH_SEARCH_PATHS = "$(inherited) @executable_path/Frameworks @loader_path/Frameworks";
				PRODUCT_BUNDLE_IDENTIFIER = com.codingdojo.namePickerUITests;
				PRODUCT_NAME = "$(TARGET_NAME)";
				TEST_TARGET_NAME = namePicker;
			};
			name = Debug;
		};
		8E38A7F51D89BEF200C39455 /* Release */ = {
			isa = XCBuildConfiguration;
			buildSettings = {
				INFOPLIST_FILE = namePickerUITests/Info.plist;
				LD_RUNPATH_SEARCH_PATHS = "$(inherited) @executable_path/Frameworks @loader_path/Frameworks";
				PRODUCT_BUNDLE_IDENTIFIER = com.codingdojo.namePickerUITests;
				PRODUCT_NAME = "$(TARGET_NAME)";
				TEST_TARGET_NAME = namePicker;
			};
			name = Release;
		};
/* End XCBuildConfiguration section */

/* Begin XCConfigurationList section */
		8E38A7BD1D89BEF200C39455 /* Build configuration list for PBXProject "namePicker" */ = {
			isa = XCConfigurationList;
			buildConfigurations = (
				8E38A7EB1D89BEF200C39455 /* Debug */,
				8E38A7EC1D89BEF200C39455 /* Release */,
			);
			defaultConfigurationIsVisible = 0;
			defaultConfigurationName = Release;
		};
		8E38A7ED1D89BEF200C39455 /* Build configuration list for PBXNativeTarget "namePicker" */ = {
			isa = XCConfigurationList;
			buildConfigurations = (
				8E38A7EE1D89BEF200C39455 /* Debug */,
				8E38A7EF1D89BEF200C39455 /* Release */,
			);
			defaultConfigurationIsVisible = 0;
		};
		8E38A7F01D89BEF200C39455 /* Build configuration list for PBXNativeTarget "namePickerTests" */ = {
			isa = XCConfigurationList;
			buildConfigurations = (
				8E38A7F11D89BEF200C39455 /* Debug */,
				8E38A7F21D89BEF200C39455 /* Release */,
			);
			defaultConfigurationIsVisible = 0;
		};
		8E38A7F31D89BEF200C39455 /* Build configuration list for PBXNativeTarget "namePickerUITests" */ = {
			isa = XCConfigurationList;
			buildConfigurations = (
				8E38A7F41D89BEF200C39455 /* Debug */,
				8E38A7F51D89BEF200C39455 /* Release */,
			);
			defaultConfigurationIsVisible = 0;
		};
/* End XCConfigurationList section */

/* Begin XCVersionGroup section */
		8E38A7CC1D89BEF200C39455 /* namePicker.xcdatamodeld */ = {
			isa = XCVersionGroup;
			children = (
				8E38A7CD1D89BEF200C39455 /* namePicker.xcdatamodel */,
			);
			currentVersion = 8E38A7CD1D89BEF200C39455 /* namePicker.xcdatamodel */;
			path = namePicker.xcdatamodeld;
			sourceTree = "<group>";
			versionGroupType = wrapper.xcdatamodel;
		};
		8E38A7FC1D89F09900C39455 /* NamesModel.xcdatamodeld */ = {
			isa = XCVersionGroup;
			children = (
				8E38A7FD1D89F09900C39455 /* NamesModel.xcdatamodel */,
			);
			currentVersion = 8E38A7FD1D89F09900C39455 /* NamesModel.xcdatamodel */;
			path = NamesModel.xcdatamodeld;
			sourceTree = "<group>";
			versionGroupType = wrapper.xcdatamodel;
		};
/* End XCVersionGroup section */
	};
	rootObject = 8E38A7BA1D89BEF200C39455 /* Project object */;
}
